# This file is automatically @generated by Cargo.
# It is not intended for manual editing.
version = 3

[[package]]
name = "aho-corasick"
version = "0.7.20"
source = "registry+https://github.com/rust-lang/crates.io-index"
checksum = "cc936419f96fa211c1b9166887b38e5e40b19958e5b895be7c1f93adec7071ac"
dependencies = [
 "memchr",
]

[[package]]
name = "anyhow"
version = "1.0.68"
source = "registry+https://github.com/rust-lang/crates.io-index"
checksum = "2cb2f989d18dd141ab8ae82f64d1a8cdd37e0840f73a406896cf5e99502fab61"

[[package]]
name = "async-trait"
version = "0.1.60"
source = "registry+https://github.com/rust-lang/crates.io-index"
checksum = "677d1d8ab452a3936018a687b20e6f7cf5363d713b732b8884001317b0e48aa3"
dependencies = [
 "proc-macro2",
 "quote",
 "syn",
]

[[package]]
name = "autocfg"
version = "1.1.0"
source = "registry+https://github.com/rust-lang/crates.io-index"
checksum = "d468802bab17cbc0cc575e9b053f41e72aa36bfa6b7f55e3529ffa43161b97fa"

[[package]]
name = "bincode"
version = "1.3.3"
source = "registry+https://github.com/rust-lang/crates.io-index"
checksum = "b1f45e9417d87227c7a56d22e471c6206462cba514c7590c09aff4cf6d1ddcad"
dependencies = [
 "serde",
]

[[package]]
name = "bindgen"
version = "0.61.0"
source = "registry+https://github.com/rust-lang/crates.io-index"
checksum = "8a022e58a142a46fea340d68012b9201c094e93ec3d033a944a24f8fd4a4f09a"
dependencies = [
 "bitflags",
 "cexpr",
 "clang-sys",
 "lazy_static",
 "lazycell",
 "log",
 "peeking_take_while",
 "proc-macro2",
 "quote",
 "regex",
 "rustc-hash",
 "shlex",
 "syn",
 "which",
]

[[package]]
name = "bitflags"
version = "1.3.2"
source = "registry+https://github.com/rust-lang/crates.io-index"
checksum = "bef38d45163c2f1dde094a7dfd33ccf595c92905c8f8f4fdc18d06fb1037718a"

[[package]]
name = "cexpr"
version = "0.6.0"
source = "registry+https://github.com/rust-lang/crates.io-index"
checksum = "6fac387a98bb7c37292057cffc56d62ecb629900026402633ae9160df93a8766"
dependencies = [
 "nom",
]

[[package]]
name = "cfg-if"
version = "0.1.10"
source = "registry+https://github.com/rust-lang/crates.io-index"
checksum = "4785bdd1c96b2a846b2bd7cc02e86b6b3dbf14e7e53446c4f54c92a361040822"

[[package]]
name = "cfg-if"
version = "1.0.0"
source = "registry+https://github.com/rust-lang/crates.io-index"
checksum = "baf1de4339761588bc0619e3cbc0120ee582ebb74b53b4efbf79117bd2da40fd"

[[package]]
name = "clang-sys"
version = "1.4.0"
source = "registry+https://github.com/rust-lang/crates.io-index"
checksum = "fa2e27ae6ab525c3d369ded447057bca5438d86dc3a68f6faafb8269ba82ebf3"
dependencies = [
 "glob",
 "libc",
 "libloading",
]

[[package]]
name = "convert_case"
version = "0.5.0"
source = "registry+https://github.com/rust-lang/crates.io-index"
checksum = "fb4a24b1aaf0fd0ce8b45161144d6f42cd91677fd5940fd431183eb023b3a2b8"

[[package]]
name = "convert_case"
version = "0.6.0"
source = "registry+https://github.com/rust-lang/crates.io-index"
checksum = "ec182b0ca2f35d8fc196cf3404988fd8b8c739a4d270ff118a398feb0cbec1ca"
dependencies = [
 "unicode-segmentation",
]

[[package]]
name = "crc16"
version = "0.4.0"
source = "registry+https://github.com/rust-lang/crates.io-index"
checksum = "338089f42c427b86394a5ee60ff321da23a5c89c9d89514c829687b26359fcff"

[[package]]
name = "cstr_core"
version = "0.2.6"
source = "registry+https://github.com/rust-lang/crates.io-index"
checksum = "dd98742e4fdca832d40cab219dc2e3048de17d873248f83f17df47c1bea70956"
dependencies = [
 "cty",
 "memchr",
]

[[package]]
name = "cty"
version = "0.2.2"
source = "registry+https://github.com/rust-lang/crates.io-index"
checksum = "b365fabc795046672053e29c954733ec3b05e4be654ab130fe8f1f94d7051f35"

[[package]]
name = "dashmap"
version = "5.3.4"
source = "registry+https://github.com/rust-lang/crates.io-index"
checksum = "3495912c9c1ccf2e18976439f4443f3fee0fd61f424ff99fde6a66b15ecb448f"
dependencies = [
 "cfg-if 1.0.0",
 "hashbrown",
 "lock_api",
 "parking_lot_core",
]

[[package]]
name = "difflib"
version = "0.4.0"
source = "registry+https://github.com/rust-lang/crates.io-index"
checksum = "6184e33543162437515c2e2b48714794e37845ec9851711914eec9d308f6ebe8"

[[package]]
name = "downcast"
version = "0.11.0"
source = "registry+https://github.com/rust-lang/crates.io-index"
checksum = "1435fa1053d8b2fbbe9be7e97eca7f33d37b28409959813daefc1446a14247f1"

[[package]]
name = "either"
version = "1.8.0"
source = "registry+https://github.com/rust-lang/crates.io-index"
checksum = "90e5c1c8368803113bf0c9584fc495a58b86dc8a29edbf8fe877d21d9507e797"

[[package]]
name = "float-cmp"
version = "0.9.0"
source = "registry+https://github.com/rust-lang/crates.io-index"
checksum = "98de4bbd547a563b716d8dfa9aad1cb19bfab00f4fa09a6a4ed21dbcf44ce9c4"
dependencies = [
 "num-traits",
]

[[package]]
name = "fragile"
version = "2.0.0"
source = "registry+https://github.com/rust-lang/crates.io-index"
checksum = "6c2141d6d6c8512188a7891b4b01590a45f6dac67afb4f255c4124dbb86d4eaa"

[[package]]
name = "futures"
version = "0.3.25"
source = "registry+https://github.com/rust-lang/crates.io-index"
checksum = "38390104763dc37a5145a53c29c63c1290b5d316d6086ec32c293f6736051bb0"
dependencies = [
 "futures-channel",
 "futures-core",
 "futures-executor",
 "futures-io",
 "futures-sink",
 "futures-task",
 "futures-util",
]

[[package]]
name = "futures-channel"
version = "0.3.25"
source = "registry+https://github.com/rust-lang/crates.io-index"
checksum = "52ba265a92256105f45b719605a571ffe2d1f0fea3807304b522c1d778f79eed"
dependencies = [
 "futures-core",
 "futures-sink",
]

[[package]]
name = "futures-concurrency"
version = "3.1.0"
source = "registry+https://github.com/rust-lang/crates.io-index"
checksum = "113411b30b3a4fd9aba3eb9654f436976b71bc7f709318aeae7f8e90f74a71d6"
dependencies = [
 "async-trait",
 "futures-core",
 "pin-project",
]

[[package]]
name = "futures-core"
version = "0.3.25"
source = "registry+https://github.com/rust-lang/crates.io-index"
checksum = "04909a7a7e4633ae6c4a9ab280aeb86da1236243a77b694a49eacd659a4bd3ac"

[[package]]
name = "futures-executor"
version = "0.3.25"
source = "registry+https://github.com/rust-lang/crates.io-index"
checksum = "7acc85df6714c176ab5edf386123fafe217be88c0840ec11f199441134a074e2"
dependencies = [
 "futures-core",
 "futures-task",
 "futures-util",
]

[[package]]
name = "futures-io"
version = "0.3.25"
source = "registry+https://github.com/rust-lang/crates.io-index"
checksum = "00f5fb52a06bdcadeb54e8d3671f8888a39697dcb0b81b23b55174030427f4eb"

[[package]]
name = "futures-macro"
version = "0.3.25"
source = "registry+https://github.com/rust-lang/crates.io-index"
checksum = "bdfb8ce053d86b91919aad980c220b1fb8401a9394410e1c289ed7e66b61835d"
dependencies = [
 "proc-macro2",
 "quote",
 "syn",
]

[[package]]
name = "futures-sink"
version = "0.3.25"
source = "registry+https://github.com/rust-lang/crates.io-index"
checksum = "39c15cf1a4aa79df40f1bb462fb39676d0ad9e366c2a33b590d7c66f4f81fcf9"

[[package]]
name = "futures-task"
version = "0.3.25"
source = "registry+https://github.com/rust-lang/crates.io-index"
checksum = "2ffb393ac5d9a6eaa9d3fdf37ae2776656b706e200c8e16b1bdb227f5198e6ea"

[[package]]
name = "futures-util"
version = "0.3.25"
source = "registry+https://github.com/rust-lang/crates.io-index"
checksum = "197676987abd2f9cadff84926f410af1c183608d36641465df73ae8211dc65d6"
dependencies = [
 "futures-channel",
 "futures-core",
 "futures-io",
 "futures-macro",
 "futures-sink",
 "futures-task",
 "memchr",
 "pin-project-lite",
 "pin-utils",
 "slab",
]

[[package]]
name = "glob"
version = "0.3.0"
source = "registry+https://github.com/rust-lang/crates.io-index"
checksum = "9b919933a397b79c37e33b77bb2aa3dc8eb6e165ad809e58ff75bc7db2e34574"

[[package]]
name = "hashbrown"
version = "0.12.3"
source = "registry+https://github.com/rust-lang/crates.io-index"
checksum = "8a9ee70c43aaf417c914396645a0fa852624801b24ebb7ae78fe8272889ac888"

[[package]]
name = "indexmap"
version = "1.9.2"
source = "registry+https://github.com/rust-lang/crates.io-index"
checksum = "1885e79c1fc4b10f0e172c475f458b7f7b93061064d98c3293e98c5ba0c8b399"
dependencies = [
 "autocfg",
 "hashbrown",
]

[[package]]
name = "itertools"
version = "0.10.5"
source = "registry+https://github.com/rust-lang/crates.io-index"
checksum = "b0fd2260e829bddf4cb6ea802289de2f86d6a7a690192fbe91b3f46e0f2c8473"
dependencies = [
 "either",
]

[[package]]
name = "itoa"
version = "1.0.5"
source = "registry+https://github.com/rust-lang/crates.io-index"
checksum = "fad582f4b9e86b6caa621cabeb0963332d92eea04729ab12892c2533951e6440"

[[package]]
name = "lazy_static"
version = "1.4.0"
source = "registry+https://github.com/rust-lang/crates.io-index"
checksum = "e2abad23fbc42b3700f2f279844dc832adb2b2eb069b2df918f455c4e18cc646"

[[package]]
name = "lazycell"
version = "1.3.0"
source = "registry+https://github.com/rust-lang/crates.io-index"
checksum = "830d08ce1d1d941e6b30645f1a0eb5643013d835ce3779a5fc208261dbe10f55"

[[package]]
name = "libc"
version = "0.2.139"
source = "registry+https://github.com/rust-lang/crates.io-index"
checksum = "201de327520df007757c1f0adce6e827fe8562fbc28bfd9c15571c66ca1f5f79"

[[package]]
name = "libloading"
version = "0.7.4"
source = "registry+https://github.com/rust-lang/crates.io-index"
checksum = "b67380fd3b2fbe7527a606e18729d21c6f3951633d0500574c4dc22d2d638b9f"
dependencies = [
 "cfg-if 1.0.0",
 "winapi",
]

[[package]]
name = "lock_api"
version = "0.4.9"
source = "registry+https://github.com/rust-lang/crates.io-index"
checksum = "435011366fe56583b16cf956f9df0095b405b82d76425bc8981c0e22e60ec4df"
dependencies = [
 "autocfg",
 "scopeguard",
]

[[package]]
name = "log"
version = "0.4.17"
source = "registry+https://github.com/rust-lang/crates.io-index"
checksum = "abb12e687cfb44aa40f41fc3978ef76448f9b6038cad6aef4259d3c095a2382e"
dependencies = [
 "cfg-if 1.0.0",
]

[[package]]
name = "memchr"
version = "2.5.0"
source = "registry+https://github.com/rust-lang/crates.io-index"
checksum = "2dffe52ecf27772e601905b7522cb4ef790d2cc203488bbd0e2fe85fcb74566d"

[[package]]
name = "minimal-lexical"
version = "0.2.1"
source = "registry+https://github.com/rust-lang/crates.io-index"
checksum = "68354c5c6bd36d73ff3feceb05efa59b6acb7626617f4962be322a825e61f79a"

[[package]]
name = "mockall"
version = "0.11.3"
source = "registry+https://github.com/rust-lang/crates.io-index"
checksum = "50e4a1c770583dac7ab5e2f6c139153b783a53a1bbee9729613f193e59828326"
dependencies = [
 "cfg-if 1.0.0",
 "downcast",
 "fragile",
 "lazy_static",
 "mockall_derive",
 "predicates",
 "predicates-tree",
]

[[package]]
name = "mockall_derive"
version = "0.11.3"
source = "registry+https://github.com/rust-lang/crates.io-index"
checksum = "832663583d5fa284ca8810bf7015e46c9fff9622d3cf34bd1eea5003fec06dd0"
dependencies = [
 "cfg-if 1.0.0",
 "proc-macro2",
 "quote",
 "syn",
]

[[package]]
name = "mockall_double"
version = "0.1.0"
source = "registry+https://github.com/rust-lang/crates.io-index"
checksum = "9eacc2558c7ab425550913e9ba69077513922396bc4a1338301e3a0d244d2555"
dependencies = [
 "cfg-if 0.1.10",
 "proc-macro2",
 "quote",
 "syn",
]

[[package]]
name = "mockall_double"
version = "0.2.1"
source = "registry+https://github.com/rust-lang/crates.io-index"
checksum = "7dffc15b97456ecc84d2bde8c1df79145e154f45225828c4361f676e1b82acd6"
dependencies = [
 "cfg-if 1.0.0",
 "proc-macro2",
 "quote",
 "syn",
]

[[package]]
name = "mosquitto-client"
version = "0.1.5"
source = "registry+https://github.com/rust-lang/crates.io-index"
checksum = "bf59e503a89f905da295a32eae676a1659a5e026a7e0643396dc22e8491a4846"

[[package]]
name = "multimap"
version = "0.8.3"
source = "registry+https://github.com/rust-lang/crates.io-index"
checksum = "e5ce46fe64a9d73be07dcbe690a38ce1b293be448fd8ce1e6c1b8062c9f72c6a"
dependencies = [
 "serde",
]

[[package]]
name = "nom"
version = "7.1.2"
source = "registry+https://github.com/rust-lang/crates.io-index"
checksum = "e5507769c4919c998e69e49c839d9dc6e693ede4cc4290d6ad8b41d4f09c548c"
dependencies = [
 "memchr",
 "minimal-lexical",
]

[[package]]
name = "normalize-line-endings"
version = "0.3.0"
source = "registry+https://github.com/rust-lang/crates.io-index"
checksum = "61807f77802ff30975e01f4f071c8ba10c022052f98b3294119f3e615d13e5be"

[[package]]
name = "num-traits"
version = "0.2.15"
source = "registry+https://github.com/rust-lang/crates.io-index"
checksum = "578ede34cf02f8924ab9447f50c28075b4d3e5b269972345e7e0372b38c6cdcd"
dependencies = [
 "autocfg",
]

[[package]]
name = "once_cell"
version = "1.9.0"
source = "registry+https://github.com/rust-lang/crates.io-index"
checksum = "da32515d9f6e6e489d7bc9d84c71b060db7247dc035bbe44eac88cf87486d8d5"

[[package]]
name = "parking_lot"
version = "0.12.1"
source = "registry+https://github.com/rust-lang/crates.io-index"
checksum = "3742b2c103b9f06bc9fff0a37ff4912935851bee6d36f3c02bcc755bcfec228f"
dependencies = [
 "lock_api",
 "parking_lot_core",
]

[[package]]
name = "parking_lot_core"
version = "0.9.5"
source = "registry+https://github.com/rust-lang/crates.io-index"
checksum = "7ff9f3fef3968a3ec5945535ed654cb38ff72d7495a25619e2247fb15a2ed9ba"
dependencies = [
 "cfg-if 1.0.0",
 "libc",
 "redox_syscall",
 "smallvec",
 "windows-sys",
]

[[package]]
name = "paste"
version = "1.0.11"
source = "registry+https://github.com/rust-lang/crates.io-index"
checksum = "d01a5bd0424d00070b0098dd17ebca6f961a959dead1dbcbbbc1d1cd8d3deeba"

[[package]]
name = "peeking_take_while"
version = "0.1.2"
source = "registry+https://github.com/rust-lang/crates.io-index"
checksum = "19b17cddbe7ec3f8bc800887bab5e717348c95ea2ca0b1bf0837fb964dc67099"

[[package]]
name = "pin-project"
version = "1.0.12"
source = "registry+https://github.com/rust-lang/crates.io-index"
checksum = "ad29a609b6bcd67fee905812e544992d216af9d755757c05ed2d0e15a74c6ecc"
dependencies = [
 "pin-project-internal",
]

[[package]]
name = "pin-project-internal"
version = "1.0.12"
source = "registry+https://github.com/rust-lang/crates.io-index"
checksum = "069bdb1e05adc7a8990dce9cc75370895fbe4e3d58b9b73bf1aee56359344a55"
dependencies = [
 "proc-macro2",
 "quote",
 "syn",
]

[[package]]
name = "pin-project-lite"
version = "0.2.9"
source = "registry+https://github.com/rust-lang/crates.io-index"
checksum = "e0a7ae3ac2f1173085d398531c705756c94a4c56843785df85a60c1a0afac116"

[[package]]
name = "pin-utils"
version = "0.1.0"
source = "registry+https://github.com/rust-lang/crates.io-index"
checksum = "8b870d8c151b6f2fb93e84a13146138f05d02ed11c7e7c54f8826aaaf7c9f184"

[[package]]
name = "predicates"
version = "2.1.5"
source = "registry+https://github.com/rust-lang/crates.io-index"
checksum = "59230a63c37f3e18569bdb90e4a89cbf5bf8b06fea0b84e65ea10cc4df47addd"
dependencies = [
 "difflib",
 "float-cmp",
 "itertools",
 "normalize-line-endings",
 "predicates-core",
 "regex",
]

[[package]]
name = "predicates-core"
version = "1.0.5"
source = "registry+https://github.com/rust-lang/crates.io-index"
checksum = "72f883590242d3c6fc5bf50299011695fa6590c2c70eac95ee1bdb9a733ad1a2"

[[package]]
name = "predicates-tree"
version = "1.0.7"
source = "registry+https://github.com/rust-lang/crates.io-index"
checksum = "54ff541861505aabf6ea722d2131ee980b8276e10a1297b94e896dd8b621850d"
dependencies = [
 "predicates-core",
 "termtree",
]

[[package]]
name = "proc-macro2"
version = "1.0.49"
source = "registry+https://github.com/rust-lang/crates.io-index"
checksum = "57a8eca9f9c4ffde41714334dee777596264c7825420f521abc92b5b5deb63a5"
dependencies = [
 "unicode-ident",
]

[[package]]
name = "quote"
version = "1.0.23"
source = "registry+https://github.com/rust-lang/crates.io-index"
checksum = "8856d8364d252a14d474036ea1358d63c9e6965c8e5c1885c18f73d70bff9c7b"
dependencies = [
 "proc-macro2",
]

[[package]]
name = "redox_syscall"
version = "0.2.16"
source = "registry+https://github.com/rust-lang/crates.io-index"
checksum = "fb5a58c1855b4b6819d59012155603f0b22ad30cad752600aadfcb695265519a"
dependencies = [
 "bitflags",
]

[[package]]
name = "regex"
version = "1.5.6"
source = "registry+https://github.com/rust-lang/crates.io-index"
checksum = "d83f127d94bdbcda4c8cc2e50f6f84f4b611f69c902699ca385a39c3a75f9ff1"
dependencies = [
 "aho-corasick",
 "memchr",
 "regex-syntax",
]

[[package]]
name = "regex-syntax"
version = "0.6.28"
source = "registry+https://github.com/rust-lang/crates.io-index"
checksum = "456c603be3e8d448b072f410900c09faf164fbce2d480456f50eea6e25f9c848"

[[package]]
name = "rust_command_class_frame_types"
version = "0.1.0"
dependencies = [
 "which",
]

[[package]]
name = "rustc-hash"
version = "1.1.0"
source = "registry+https://github.com/rust-lang/crates.io-index"
checksum = "08d43f7aa6b08d49f382cde6a7982047c3426db949b1424bc4b7ec9ae12c6ce2"

[[package]]
name = "ryu"
version = "1.0.12"
source = "registry+https://github.com/rust-lang/crates.io-index"
checksum = "7b4b9743ed687d4b4bcedf9ff5eaa7398495ae14e61cba0a295704edbc7decde"

[[package]]
name = "scopeguard"
version = "1.1.0"
source = "registry+https://github.com/rust-lang/crates.io-index"
checksum = "d29ab0c6d3fc0ee92fe66e2d99f700eab17a8d57d1c1d3b748380fb20baa78cd"

[[package]]
name = "serde"
version = "1.0.152"
source = "registry+https://github.com/rust-lang/crates.io-index"
checksum = "bb7d1f0d3021d347a83e556fc4683dea2ea09d87bccdf88ff5c12545d89d5efb"
dependencies = [
 "serde_derive",
]

[[package]]
name = "serde_derive"
version = "1.0.152"
source = "registry+https://github.com/rust-lang/crates.io-index"
checksum = "af487d118eecd09402d70a5d72551860e788df87b464af30e5ea6a38c75c541e"
dependencies = [
 "proc-macro2",
 "quote",
 "syn",
]

[[package]]
name = "serde_yaml"
version = "0.9.16"
source = "registry+https://github.com/rust-lang/crates.io-index"
checksum = "92b5b431e8907b50339b51223b97d102db8d987ced36f6e4d03621db9316c834"
dependencies = [
 "indexmap",
 "itoa",
 "ryu",
 "serde",
 "unsafe-libyaml",
]

[[package]]
name = "serial_test"
version = "0.10.0"
source = "registry+https://github.com/rust-lang/crates.io-index"
checksum = "1c789ec87f4687d022a2405cf46e0cd6284889f1839de292cadeb6c6019506f2"
dependencies = [
 "dashmap",
 "futures",
 "lazy_static",
 "log",
 "parking_lot",
 "serial_test_derive",
]

[[package]]
name = "serial_test_derive"
version = "0.10.0"
source = "registry+https://github.com/rust-lang/crates.io-index"
checksum = "b64f9e531ce97c88b4778aad0ceee079216071cffec6ac9b904277f8f92e7fe3"
dependencies = [
 "proc-macro2",
 "quote",
 "syn",
]

[[package]]
name = "shlex"
version = "1.1.0"
source = "registry+https://github.com/rust-lang/crates.io-index"
checksum = "43b2853a4d09f215c24cc5489c992ce46052d359b5109343cbafbf26bc62f8a3"

[[package]]
name = "slab"
version = "0.4.7"
source = "registry+https://github.com/rust-lang/crates.io-index"
checksum = "4614a76b2a8be0058caa9dbbaf66d988527d86d003c11a94fbd335d7661edcef"
dependencies = [
 "autocfg",
]

[[package]]
name = "smallvec"
version = "1.10.0"
source = "registry+https://github.com/rust-lang/crates.io-index"
checksum = "a507befe795404456341dfab10cef66ead4c041f62b8b11bbb92bffe5d0953e0"

[[package]]
name = "syn"
version = "1.0.107"
source = "registry+https://github.com/rust-lang/crates.io-index"
checksum = "1f4064b5b16e03ae50984a5a8ed5d4f8803e6bc1fd170a3cda91a1be4b18e3f5"
dependencies = [
 "proc-macro2",
 "quote",
 "unicode-ident",
]

[[package]]
name = "termtree"
version = "0.4.0"
source = "registry+https://github.com/rust-lang/crates.io-index"
checksum = "95059e91184749cb66be6dc994f67f182b6d897cb3df74a5bf66b5e709295fd8"

[[package]]
name = "unicode-ident"
version = "1.0.6"
source = "registry+https://github.com/rust-lang/crates.io-index"
checksum = "84a22b9f218b40614adcb3f4ff08b703773ad44fa9423e4e0d346d5db86e4ebc"

[[package]]
name = "unicode-segmentation"
version = "1.10.0"
source = "registry+https://github.com/rust-lang/crates.io-index"
checksum = "0fdbf052a0783de01e944a6ce7a8cb939e295b1e7be835a1112c3b9a7f047a5a"

[[package]]
name = "unify_attribute_poll"
version = "0.1.0"
dependencies = [
 "async-trait",
 "futures",
 "futures-concurrency",
 "mockall",
 "once_cell",
 "unify_attribute_resolver_sys",
 "unify_attribute_store_sys",
 "unify_build_utils",
 "unify_config_sys",
 "unify_contiki_sys",
 "unify_log_sys",
 "unify_middleware",
 "unify_proc_macro",
 "unify_sl_status_sys",
]

[[package]]
name = "unify_attribute_resolver_sys"
version = "0.0.1"
dependencies = [
 "anyhow",
 "unify_build_utils",
 "unify_tools",
]

[[package]]
name = "unify_attribute_store_sys"
version = "0.0.1"
dependencies = [
 "anyhow",
 "bincode",
 "multimap",
 "once_cell",
 "serde",
 "unify_build_utils",
 "unify_log_sys",
 "unify_proc_macro",
 "unify_sl_status_sys",
 "unify_tools",
]

[[package]]
name = "unify_attribute_utils_sys"
version = "0.0.1"
dependencies = [
 "anyhow",
 "unify_build_utils",
 "unify_log_sys",
 "unify_proc_macro",
 "unify_sl_status_sys",
 "unify_tools",
]

[[package]]
name = "unify_build_utils"
version = "0.1.0"
dependencies = [
 "anyhow",
 "bindgen",
 "glob",
 "once_cell",
 "regex",
 "serde",
 "serde_yaml",
]

[[package]]
name = "unify_config_sys"
version = "0.0.1"
dependencies = [
 "anyhow",
 "unify_build_utils",
 "unify_log_sys",
 "unify_tools",
]

[[package]]
name = "unify_contiki_sys"
version = "0.0.1"
dependencies = [
 "anyhow",
 "unify_build_utils",
 "unify_tools",
]

[[package]]
name = "unify_log_sys"
version = "0.0.1"
dependencies = [
 "anyhow",
 "unify_build_utils",
 "unify_tools",
]

[[package]]
name = "unify_main_sys"
version = "0.0.1"
dependencies = [
 "anyhow",
 "unify_build_utils",
 "unify_tools",
]

[[package]]
name = "unify_middleware"
version = "0.0.1"
dependencies = [
 "anyhow",
 "bincode",
 "cstr_core",
 "futures",
 "mockall",
 "mockall_double 0.2.1",
 "mosquitto-client",
 "once_cell",
 "paste",
 "serde",
 "unify_attribute_store_sys",
 "unify_attribute_utils_sys",
 "unify_build_utils",
 "unify_config_sys",
 "unify_contiki_sys",
 "unify_log_sys",
 "unify_mqtt_sys",
 "unify_proc_macro",
 "unify_sl_status_sys",
 "unify_tools",
]

[[package]]
name = "unify_mqtt_sys"
version = "0.0.1"
dependencies = [
 "anyhow",
 "mockall",
 "once_cell",
 "unify_build_utils",
 "unify_contiki_sys",
 "unify_log_sys",
 "unify_main_sys",
 "unify_sl_status_sys",
 "unify_tools",
]

[[package]]
name = "unify_proc_macro"
version = "0.0.1"
dependencies = [
 "proc-macro2",
 "quote",
 "syn",
]

[[package]]
name = "unify_sl_status_sys"
version = "0.1.0"
dependencies = [
 "convert_case 0.5.0",
 "quote",
 "regex",
 "syn",
]

[[package]]
name = "unify_tools"
version = "0.1.0"
dependencies = [
 "mockall",
 "mockall_double 0.2.1",
 "once_cell",
]

[[package]]
name = "unsafe-libyaml"
version = "0.2.5"
source = "registry+https://github.com/rust-lang/crates.io-index"
checksum = "bc7ed8ba44ca06be78ea1ad2c3682a43349126c8818054231ee6f4748012aed2"

[[package]]
name = "which"
version = "4.3.0"
source = "registry+https://github.com/rust-lang/crates.io-index"
checksum = "1c831fbbee9e129a8cf93e7747a82da9d95ba8e16621cae60ec2cdc849bacb7b"
dependencies = [
 "either",
 "libc",
 "once_cell",
]

[[package]]
name = "winapi"
version = "0.3.9"
source = "registry+https://github.com/rust-lang/crates.io-index"
checksum = "5c839a674fcd7a98952e593242ea400abe93992746761e38641405d28b00f419"
dependencies = [
 "winapi-i686-pc-windows-gnu",
 "winapi-x86_64-pc-windows-gnu",
]

[[package]]
name = "winapi-i686-pc-windows-gnu"
version = "0.4.0"
source = "registry+https://github.com/rust-lang/crates.io-index"
checksum = "ac3b87c63620426dd9b991e5ce0329eff545bccbbb34f3be09ff6fb6ab51b7b6"

[[package]]
name = "winapi-x86_64-pc-windows-gnu"
version = "0.4.0"
source = "registry+https://github.com/rust-lang/crates.io-index"
checksum = "712e227841d057c1ee1cd2fb22fa7e5a5461ae8e48fa2ca79ec42cfc1931183f"

[[package]]
name = "windows-sys"
version = "0.42.0"
source = "registry+https://github.com/rust-lang/crates.io-index"
checksum = "5a3e1820f08b8513f676f7ab6c1f99ff312fb97b553d30ff4dd86f9f15728aa7"
dependencies = [
 "windows_aarch64_gnullvm",
 "windows_aarch64_msvc",
 "windows_i686_gnu",
 "windows_i686_msvc",
 "windows_x86_64_gnu",
 "windows_x86_64_gnullvm",
 "windows_x86_64_msvc",
]

[[package]]
name = "windows_aarch64_gnullvm"
version = "0.42.0"
source = "registry+https://github.com/rust-lang/crates.io-index"
checksum = "41d2aa71f6f0cbe00ae5167d90ef3cfe66527d6f613ca78ac8024c3ccab9a19e"

[[package]]
name = "windows_aarch64_msvc"
version = "0.42.0"
source = "registry+https://github.com/rust-lang/crates.io-index"
checksum = "dd0f252f5a35cac83d6311b2e795981f5ee6e67eb1f9a7f64eb4500fbc4dcdb4"

[[package]]
name = "windows_i686_gnu"
version = "0.42.0"
source = "registry+https://github.com/rust-lang/crates.io-index"
checksum = "fbeae19f6716841636c28d695375df17562ca208b2b7d0dc47635a50ae6c5de7"

[[package]]
name = "windows_i686_msvc"
version = "0.42.0"
source = "registry+https://github.com/rust-lang/crates.io-index"
checksum = "84c12f65daa39dd2babe6e442988fc329d6243fdce47d7d2d155b8d874862246"

[[package]]
name = "windows_x86_64_gnu"
version = "0.42.0"
source = "registry+https://github.com/rust-lang/crates.io-index"
checksum = "bf7b1b21b5362cbc318f686150e5bcea75ecedc74dd157d874d754a2ca44b0ed"

[[package]]
name = "windows_x86_64_gnullvm"
version = "0.42.0"
source = "registry+https://github.com/rust-lang/crates.io-index"
checksum = "09d525d2ba30eeb3297665bd434a54297e4170c7f1a44cad4ef58095b4cd2028"

[[package]]
name = "windows_x86_64_msvc"
version = "0.42.0"
source = "registry+https://github.com/rust-lang/crates.io-index"
checksum = "f40009d85759725a34da6d89a94e63d7bdc50a862acf0dbc7c8e488f1edcb6f5"

[[package]]
name = "zpc_rust"
version = "0.0.1"
dependencies = [
 "anyhow",
 "crc16",
 "futures",
 "mockall",
 "mockall_double 0.1.0",
 "once_cell",
 "rust_command_class_frame_types",
 "serde",
 "serde_yaml",
 "serial_test",
 "unify_attribute_poll",
 "unify_attribute_resolver_sys",
 "unify_attribute_store_sys",
 "unify_build_utils",
 "unify_config_sys",
 "unify_log_sys",
 "unify_middleware",
 "unify_proc_macro",
 "unify_sl_status_sys",
 "unify_tools",
 "zwave_rust_proc_macros",
 "zwave_rust_proc_macros_legacy",
]

[[package]]
name = "zwave_rust_proc_macros"
version = "0.0.1"
dependencies = [
 "convert_case 0.5.0",
 "once_cell",
 "proc-macro2",
 "quote",
 "syn",
 "unify_proc_macro",
 "unify_sl_status_sys",
]

[[package]]
name = "zwave_rust_proc_macros_legacy"
version = "0.0.1"
dependencies = [
 "convert_case 0.6.0",
 "once_cell",
 "proc-macro2",
 "quote",
 "syn",
 "unify_proc_macro",
]
